github.com/Comdex/imgo v0.0.0-20200213094239-bb8d436f1e5a h1:R6uoBNIHx3UyxxG+ntWSC/g9gXUIPSk1bvW9zzhIadE=
github.com/Comdex/imgo v0.0.0-20200213094239-bb8d436f1e5a/go.mod h1:OqTmmqMJZcFVi/fGDvpvoCYxFjyFgkJ5wRU42g1bWQY=
github.com/axgle/mahonia v0.0.0-20180208002826-3358181d7394 h1:OYA+5W64v3OgClL+IrOD63t4i/RW7RqrAVl9LTZ9UqQ=
github.com/axgle/mahonia v0.0.0-20180208002826-3358181d7394/go.mod h1:Q8n74mJTIgjX4RBBcHnJ05h//6/k6foqmgE45jTQtxg=
github.com/corona10/goimagehash v1.0.3 h1:NZM518aKLmoNluluhfHGxT3LGOnrojrxhGn63DR/CZA=
github.com/corona10/goimagehash v1.0.3/go.mod h1:VkvE0mLn84L4aF8vCb6mafVajEb6QYMHl2ZJLn0mOGI=
github.com/nfnt/resize v0.0.0-20180221191011-83c6a9932646 h1:zYyBkD/k9seD2A7fsi6Oo2LfFZAehjjQMERAvZLEDnQ=
github.com/nfnt/resize v0.0.0-20180221191011-83c6a9932646/go.mod h1:jpp1/29i3P1S/RLdc7JQKbRpFeM1dOBd8T9ki5s+AY8=
